
Microsoft Visual Studio Solution File, Format Version 12.00
# Visual Studio Version 17
VisualStudioVersion = 17.10.35122.118
MinimumVisualStudioVersion = 10.0.40219.1
Project("{FAE04EC0-301F-11D3-BF4B-00C04F79EFBC}") = "EmployeeAPI", "EmployeeAPI\EmployeeAPI.csproj", "{B372A48E-053D-457D-8868-A8473D0D2EFD}"
EndProject
Global
	GlobalSection(SolutionConfigurationPlatforms) = preSolution
		Debug|Any CPU = Debug|Any CPU
		Release|Any CPU = Release|Any CPU
	EndGlobalSection
	GlobalSection(ProjectConfigurationPlatforms) = postSolution
		{B372A48E-053D-457D-8868-A8473D0D2EFD}.Debug|Any CPU.ActiveCfg = Debug|Any CPU
		{B372A48E-053D-457D-8868-A8473D0D2EFD}.Debug|Any CPU.Build.0 = Debug|Any CPU
		{B372A48E-053D-457D-8868-A8473D0D2EFD}.Release|Any CPU.ActiveCfg = Release|Any CPU
		{B372A48E-053D-457D-8868-A8473D0D2EFD}.Release|Any CPU.Build.0 = Release|Any CPU
	EndGlobalSection
	GlobalSection(SolutionProperties) = preSolution
		HideSolutionNode = FALSE
	EndGlobalSection
	GlobalSection(ExtensibilityGlobals) = postSolution
		SolutionGuid = {E132CC2D-0B82-418B-9B80-E842BE2390F2}
	EndGlobalSection
EndGlobal
