
Microsoft Visual Studio Solution File, Format Version 12.00
# Visual Studio Version 17
VisualStudioVersion = 17.10.35122.118
MinimumVisualStudioVersion = 10.0.40219.1
Project("{FAE04EC0-301F-11D3-BF4B-00C04F79EFBC}") = "ConsoleAppRMQ", "ConsoleAppRMQ\ConsoleAppRMQ.csproj", "{143A57CD-B9E9-418A-82EB-7C9263758089}"
EndProject
Global
	GlobalSection(SolutionConfigurationPlatforms) = preSolution
		Debug|Any CPU = Debug|Any CPU
		Release|Any CPU = Release|Any CPU
	EndGlobalSection
	GlobalSection(ProjectConfigurationPlatforms) = postSolution
		{143A57CD-B9E9-418A-82EB-7C9263758089}.Debug|Any CPU.ActiveCfg = Debug|Any CPU
		{143A57CD-B9E9-418A-82EB-7C9263758089}.Debug|Any CPU.Build.0 = Debug|Any CPU
		{143A57CD-B9E9-418A-82EB-7C9263758089}.Release|Any CPU.ActiveCfg = Release|Any CPU
		{143A57CD-B9E9-418A-82EB-7C9263758089}.Release|Any CPU.Build.0 = Release|Any CPU
	EndGlobalSection
	GlobalSection(SolutionProperties) = preSolution
		HideSolutionNode = FALSE
	EndGlobalSection
	GlobalSection(ExtensibilityGlobals) = postSolution
		SolutionGuid = {18E67178-E027-4330-8EB3-AA20FAD0720F}
	EndGlobalSection
EndGlobal
