
Microsoft Visual Studio Solution File, Format Version 12.00
# Visual Studio Version 17
VisualStudioVersion = 17.10.35122.118
MinimumVisualStudioVersion = 10.0.40219.1
Project("{9A19103F-16F7-4668-BE54-9A1E7A4F7556}") = "WinFormsApplication1", "WinFormsApplication1\WinFormsApplication1.csproj", "{B64474EC-36CB-41B9-9C37-FD94CFFBBD94}"
EndProject
Global
	GlobalSection(SolutionConfigurationPlatforms) = preSolution
		Debug|Any CPU = Debug|Any CPU
		Release|Any CPU = Release|Any CPU
	EndGlobalSection
	GlobalSection(ProjectConfigurationPlatforms) = postSolution
		{B64474EC-36CB-41B9-9C37-FD94CFFBBD94}.Debug|Any CPU.ActiveCfg = Debug|Any CPU
		{B64474EC-36CB-41B9-9C37-FD94CFFBBD94}.Debug|Any CPU.Build.0 = Debug|Any CPU
		{B64474EC-36CB-41B9-9C37-FD94CFFBBD94}.Release|Any CPU.ActiveCfg = Release|Any CPU
		{B64474EC-36CB-41B9-9C37-FD94CFFBBD94}.Release|Any CPU.Build.0 = Release|Any CPU
	EndGlobalSection
	GlobalSection(SolutionProperties) = preSolution
		HideSolutionNode = FALSE
	EndGlobalSection
	GlobalSection(ExtensibilityGlobals) = postSolution
		SolutionGuid = {8390BC1A-18EE-4A16-B42C-9C9B30C1031F}
	EndGlobalSection
EndGlobal
