
Microsoft Visual Studio Solution File, Format Version 12.00
# Visual Studio Version 17
VisualStudioVersion = 17.10.35122.118
MinimumVisualStudioVersion = 10.0.40219.1
Project("{FAE04EC0-301F-11D3-BF4B-00C04F79EFBC}") = "Employee", "Employee\Employee.csproj", "{269BC1E3-2485-4484-9929-978F6719CC96}"
EndProject
Global
	GlobalSection(SolutionConfigurationPlatforms) = preSolution
		Debug|Any CPU = Debug|Any CPU
		Release|Any CPU = Release|Any CPU
	EndGlobalSection
	GlobalSection(ProjectConfigurationPlatforms) = postSolution
		{269BC1E3-2485-4484-9929-978F6719CC96}.Debug|Any CPU.ActiveCfg = Debug|Any CPU
		{269BC1E3-2485-4484-9929-978F6719CC96}.Debug|Any CPU.Build.0 = Debug|Any CPU
		{269BC1E3-2485-4484-9929-978F6719CC96}.Release|Any CPU.ActiveCfg = Release|Any CPU
		{269BC1E3-2485-4484-9929-978F6719CC96}.Release|Any CPU.Build.0 = Release|Any CPU
	EndGlobalSection
	GlobalSection(SolutionProperties) = preSolution
		HideSolutionNode = FALSE
	EndGlobalSection
	GlobalSection(ExtensibilityGlobals) = postSolution
		SolutionGuid = {ECD38239-4521-4787-A9A0-7B07C8634ECB}
	EndGlobalSection
EndGlobal
