
Microsoft Visual Studio Solution File, Format Version 12.00
# Visual Studio Version 17
VisualStudioVersion = 17.10.35122.118
MinimumVisualStudioVersion = 10.0.40219.1
Project("{FAE04EC0-301F-11D3-BF4B-00C04F79EFBC}") = "SignalRServer", "SignalRServer\SignalRServer.csproj", "{FD8EB14C-2A5C-4310-B44E-46BE845690DC}"
EndProject
Global
	GlobalSection(SolutionConfigurationPlatforms) = preSolution
		Debug|Any CPU = Debug|Any CPU
		Release|Any CPU = Release|Any CPU
	EndGlobalSection
	GlobalSection(ProjectConfigurationPlatforms) = postSolution
		{FD8EB14C-2A5C-4310-B44E-46BE845690DC}.Debug|Any CPU.ActiveCfg = Debug|Any CPU
		{FD8EB14C-2A5C-4310-B44E-46BE845690DC}.Debug|Any CPU.Build.0 = Debug|Any CPU
		{FD8EB14C-2A5C-4310-B44E-46BE845690DC}.Release|Any CPU.ActiveCfg = Release|Any CPU
		{FD8EB14C-2A5C-4310-B44E-46BE845690DC}.Release|Any CPU.Build.0 = Release|Any CPU
	EndGlobalSection
	GlobalSection(SolutionProperties) = preSolution
		HideSolutionNode = FALSE
	EndGlobalSection
	GlobalSection(ExtensibilityGlobals) = postSolution
		SolutionGuid = {6156A999-3B73-4BD0-B345-CBFA331E9B4B}
	EndGlobalSection
EndGlobal
